
Microsoft Visual Studio Solution File, Format Version 12.00
# Visual Studio Version 17
VisualStudioVersion = 17.6.33829.357
MinimumVisualStudioVersion = 10.0.40219.1
Project("{FAE04EC0-301F-11D3-BF4B-00C04F79EFBC}") = "IndepedentQuiz", "IndepedentQuiz\IndepedentQuiz.csproj", "{68B8A7E4-9518-4625-BFAE-AA2B7CE8AA7C}"
EndProject
Global
	GlobalSection(SolutionConfigurationPlatforms) = preSolution
		Debug|Any CPU = Debug|Any CPU
		Release|Any CPU = Release|Any CPU
	EndGlobalSection
	GlobalSection(ProjectConfigurationPlatforms) = postSolution
		{68B8A7E4-9518-4625-BFAE-AA2B7CE8AA7C}.Debug|Any CPU.ActiveCfg = Debug|Any CPU
		{68B8A7E4-9518-4625-BFAE-AA2B7CE8AA7C}.Debug|Any CPU.Build.0 = Debug|Any CPU
		{68B8A7E4-9518-4625-BFAE-AA2B7CE8AA7C}.Release|Any CPU.ActiveCfg = Release|Any CPU
		{68B8A7E4-9518-4625-BFAE-AA2B7CE8AA7C}.Release|Any CPU.Build.0 = Release|Any CPU
	EndGlobalSection
	GlobalSection(SolutionProperties) = preSolution
		HideSolutionNode = FALSE
	EndGlobalSection
	GlobalSection(ExtensibilityGlobals) = postSolution
		SolutionGuid = {668ACC91-2194-45D9-B6A9-D81DBB3413B2}
	EndGlobalSection
EndGlobal
